<?xml version="1.0" encoding="utf-8"?>
<Project ToolsVersion="4.0" xmlns="http://schemas.microsoft.com/developer/msbuild/2003">
  <ItemGroup>
    <Filter Include="源文件">
      <UniqueIdentifier>{4FC737F1-C7A5-4376-A066-2A32D752A2FF}</UniqueIdentifier>
      <Extensions>cpp;c;cc;cxx;def;odl;idl;hpj;bat;asm;asmx</Extensions>
    </Filter>
    <Filter Include="头文件">
      <UniqueIdentifier>{93995380-89BD-4b04-88EB-625FBE52EBFB}</UniqueIdentifier>
      <Extensions>h;hh;hpp;hxx;hm;inl;inc;xsd</Extensions>
    </Filter>
    <Filter Include="资源文件">
      <UniqueIdentifier>{67DA6AB6-F800-4c08-8B7A-83BB121AAD01}</UniqueIdentifier>
      <Extensions>rc;ico;cur;bmp;dlg;rc2;rct;bin;rgs;gif;jpg;jpeg;jpe;resx;tiff;tif;png;wav;mfcribbon-ms</Extensions>
    </Filter>
    <Filter Include="头文件\model">
      <UniqueIdentifier>{9a63fd9e-9d27-4cd9-92f8-45d16dd1bef4}</UniqueIdentifier>
    </Filter>
    <Filter Include="源文件\model">
      <UniqueIdentifier>{855a8a09-c7c0-48cb-8ecb-b3a6cea85acb}</UniqueIdentifier>
    </Filter>
    <Filter Include="头文件\util">
      <UniqueIdentifier>{fcb9be82-d6bb-470f-b582-af01a36712b9}</UniqueIdentifier>
    </Filter>
    <Filter Include="源文件\util">
      <UniqueIdentifier>{444807cc-1a3c-49c3-90c3-e7f90bc1b327}</UniqueIdentifier>
    </Filter>
    <Filter Include="头文件\service">
      <UniqueIdentifier>{c28f9f68-9388-4383-bce0-dc823b107bf1}</UniqueIdentifier>
    </Filter>
    <Filter Include="源文件\service">
      <UniqueIdentifier>{ba395ee8-250e-4a7c-a18d-527bbcbb038b}</UniqueIdentifier>
    </Filter>
  </ItemGroup>
  <ItemGroup>
    <Text Include="ReadMe.txt" />
  </ItemGroup>
  <ItemGroup>
    <ClInclude Include="Client.h">
      <Filter>头文件</Filter>
    </ClInclude>
    <ClInclude Include="stdafx.h">
      <Filter>头文件</Filter>
    </ClInclude>
    <ClInclude Include="targetver.h">
      <Filter>头文件</Filter>
    </ClInclude>
    <ClInclude Include="MainFrm.h">
      <Filter>头文件</Filter>
    </ClInclude>
    <ClInclude Include="ClientDoc.h">
      <Filter>头文件</Filter>
    </ClInclude>
    <ClInclude Include="ClientView.h">
      <Filter>头文件</Filter>
    </ClInclude>
    <ClInclude Include="Resource.h">
      <Filter>头文件</Filter>
    </ClInclude>
    <ClInclude Include="FileView.h">
      <Filter>头文件</Filter>
    </ClInclude>
    <ClInclude Include="ClassView.h">
      <Filter>头文件</Filter>
    </ClInclude>
    <ClInclude Include="ViewTree.h">
      <Filter>头文件</Filter>
    </ClInclude>
    <ClInclude Include="OutputWnd.h">
      <Filter>头文件</Filter>
    </ClInclude>
    <ClInclude Include="PropertiesWnd.h">
      <Filter>头文件</Filter>
    </ClInclude>
    <ClInclude Include="Model.h">
      <Filter>头文件\model</Filter>
    </ClInclude>
    <ClInclude Include="JsonUtil.h">
      <Filter>头文件\util</Filter>
    </ClInclude>
    <ClInclude Include="MFCUtil.h">
      <Filter>头文件\util</Filter>
    </ClInclude>
    <ClInclude Include="StringUtil.h">
      <Filter>头文件\util</Filter>
    </ClInclude>
    <ClInclude Include="DialogLogin.h">
      <Filter>头文件</Filter>
    </ClInclude>
    <ClInclude Include="TCPClient.h">
      <Filter>头文件\util</Filter>
    </ClInclude>
    <ClInclude Include="Service.h">
      <Filter>头文件\service</Filter>
    </ClInclude>
    <ClInclude Include="UserFriendListCtrl.h">
      <Filter>头文件</Filter>
    </ClInclude>
    <ClInclude Include="HtmlGenerator.h">
      <Filter>头文件</Filter>
    </ClInclude>
    <ClInclude Include="DialgUserInput.h">
      <Filter>头文件</Filter>
    </ClInclude>
    <ClInclude Include="ConstFile.h">
      <Filter>头文件\util</Filter>
    </ClInclude>
    <ClInclude Include="DialgUserSearch.h">
      <Filter>头文件</Filter>
    </ClInclude>
    <ClInclude Include="UserSearchDigListBoxCtrl.h">
      <Filter>头文件</Filter>
    </ClInclude>
    <ClInclude Include="DialgUserAddFriendReply.h">
      <Filter>头文件</Filter>
    </ClInclude>
    <ClInclude Include="DialgUserAddFriendResult.h">
      <Filter>头文件</Filter>
    </ClInclude>
    <ClInclude Include="UserGroupListCtrl.h">
      <Filter>头文件</Filter>
    </ClInclude>
    <ClInclude Include="DialgGroupSearch.h">
      <Filter>头文件</Filter>
    </ClInclude>
    <ClInclude Include="GroupSearchListBox.h">
      <Filter>头文件</Filter>
    </ClInclude>
    <ClInclude Include="DialgUserAdd.h">
      <Filter>头文件</Filter>
    </ClInclude>
    <ClInclude Include="DialgRegist.h">
      <Filter>头文件</Filter>
    </ClInclude>
  </ItemGroup>
  <ItemGroup>
    <ClCompile Include="Client.cpp">
      <Filter>源文件</Filter>
    </ClCompile>
    <ClCompile Include="stdafx.cpp">
      <Filter>源文件</Filter>
    </ClCompile>
    <ClCompile Include="MainFrm.cpp">
      <Filter>源文件</Filter>
    </ClCompile>
    <ClCompile Include="ClientDoc.cpp">
      <Filter>源文件</Filter>
    </ClCompile>
    <ClCompile Include="ClientView.cpp">
      <Filter>源文件</Filter>
    </ClCompile>
    <ClCompile Include="FileView.cpp">
      <Filter>源文件</Filter>
    </ClCompile>
    <ClCompile Include="ClassView.cpp">
      <Filter>源文件</Filter>
    </ClCompile>
    <ClCompile Include="ViewTree.cpp">
      <Filter>源文件</Filter>
    </ClCompile>
    <ClCompile Include="OutputWnd.cpp">
      <Filter>源文件</Filter>
    </ClCompile>
    <ClCompile Include="PropertiesWnd.cpp">
      <Filter>源文件</Filter>
    </ClCompile>
    <ClCompile Include="Model.cpp">
      <Filter>源文件\model</Filter>
    </ClCompile>
    <ClCompile Include="JsonUtil.cpp">
      <Filter>源文件\util</Filter>
    </ClCompile>
    <ClCompile Include="MFCUtil.cpp">
      <Filter>源文件\util</Filter>
    </ClCompile>
    <ClCompile Include="StringUtil.cpp">
      <Filter>源文件\util</Filter>
    </ClCompile>
    <ClCompile Include="DialogLogin.cpp">
      <Filter>源文件</Filter>
    </ClCompile>
    <ClCompile Include="TCPClient.cpp">
      <Filter>源文件\util</Filter>
    </ClCompile>
    <ClCompile Include="Service.cpp">
      <Filter>源文件\service</Filter>
    </ClCompile>
    <ClCompile Include="UserFriendListCtrl.cpp">
      <Filter>源文件</Filter>
    </ClCompile>
    <ClCompile Include="HtmlGenerator.cpp">
      <Filter>源文件</Filter>
    </ClCompile>
    <ClCompile Include="DialgUserInput.cpp">
      <Filter>源文件</Filter>
    </ClCompile>
    <ClCompile Include="DialgUserSearch.cpp">
      <Filter>源文件</Filter>
    </ClCompile>
    <ClCompile Include="UserSearchDigListBoxCtrl.cpp">
      <Filter>源文件</Filter>
    </ClCompile>
    <ClCompile Include="DialgUserAddFriendReply.cpp">
      <Filter>源文件</Filter>
    </ClCompile>
    <ClCompile Include="DialgUserAddFriendResult.cpp">
      <Filter>源文件</Filter>
    </ClCompile>
    <ClCompile Include="UserGroupListCtrl.cpp">
      <Filter>源文件</Filter>
    </ClCompile>
    <ClCompile Include="DialgGroupSearch.cpp">
      <Filter>源文件</Filter>
    </ClCompile>
    <ClCompile Include="GroupSearchListBox.cpp">
      <Filter>源文件</Filter>
    </ClCompile>
    <ClCompile Include="DialgUserAdd.cpp">
      <Filter>源文件</Filter>
    </ClCompile>
    <ClCompile Include="DialgRegist.cpp">
      <Filter>源文件</Filter>
    </ClCompile>
  </ItemGroup>
  <ItemGroup>
    <ResourceCompile Include="Client.rc">
      <Filter>资源文件</Filter>
    </ResourceCompile>
  </ItemGroup>
  <ItemGroup>
    <Image Include="res\file_view.ico">
      <Filter>资源文件</Filter>
    </Image>
    <Image Include="res\file_view_hc.ico">
      <Filter>资源文件</Filter>
    </Image>
    <Image Include="res\class_view.ico">
      <Filter>资源文件</Filter>
    </Image>
    <Image Include="res\class_view_hc.ico">
      <Filter>资源文件</Filter>
    </Image>
    <Image Include="res\fileview.bmp">
      <Filter>资源文件</Filter>
    </Image>
    <Image Include="res\fileview_hc.bmp">
      <Filter>资源文件</Filter>
    </Image>
    <Image Include="res\classview.bmp">
      <Filter>资源文件</Filter>
    </Image>
    <Image Include="res\classview_hc.bmp">
      <Filter>资源文件</Filter>
    </Image>
    <Image Include="res\explorer.bmp">
      <Filter>资源文件</Filter>
    </Image>
    <Image Include="res\explorer_hc.bmp">
      <Filter>资源文件</Filter>
    </Image>
    <Image Include="res\sort.bmp">
      <Filter>资源文件</Filter>
    </Image>
    <Image Include="res\sort_hc.bmp">
      <Filter>资源文件</Filter>
    </Image>
    <Image Include="res\menuimages.bmp">
      <Filter>资源文件</Filter>
    </Image>
    <Image Include="res\menuimages_hc.bmp">
      <Filter>资源文件</Filter>
    </Image>
    <Image Include="res\output_wnd.ico">
      <Filter>资源文件</Filter>
    </Image>
    <Image Include="res\output_wnd_hc.ico">
      <Filter>资源文件</Filter>
    </Image>
    <Image Include="res\properties_wnd.ico">
      <Filter>资源文件</Filter>
    </Image>
    <Image Include="res\properties_wnd_hc.ico">
      <Filter>资源文件</Filter>
    </Image>
    <Image Include="res\properties.bmp">
      <Filter>资源文件</Filter>
    </Image>
    <Image Include="res\properties_hc.bmp">
      <Filter>资源文件</Filter>
    </Image>
    <Image Include="UserImages.bmp">
      <Filter>资源文件</Filter>
    </Image>
    <Image Include="res\ClientDoc.ico">
      <Filter>资源文件</Filter>
    </Image>
    <Image Include="res\Client.ico">
      <Filter>资源文件</Filter>
    </Image>
    <Image Include="res\Toolbar.bmp">
      <Filter>资源文件</Filter>
    </Image>
    <Image Include="res\Toolbar256.bmp">
      <Filter>资源文件</Filter>
    </Image>
    <Image Include="res\toolbar1.bmp">
      <Filter>资源文件</Filter>
    </Image>
  </ItemGroup>
  <ItemGroup>
    <None Include="res\Client.rc2">
      <Filter>资源文件</Filter>
    </None>
    <None Include="..\..\..\..\node\bootStrap\css\bootstrap.min.css" />
    <None Include="ClassDiagram.cd" />
  </ItemGroup>
</Project>